
Microsoft Visual Studio Solution File, Format Version 12.00
# Visual Studio Version 17
VisualStudioVersion = 17.2.32630.192
MinimumVisualStudioVersion = 10.0.40219.1
Project("{FAE04EC0-301F-11D3-BF4B-00C04F79EFBC}") = "CameraProject", "CameraProject.csproj", "{BF1423CE-84E9-4114-B7B8-B6369F95201C}"
EndProject
Global
	GlobalSection(SolutionConfigurationPlatforms) = preSolution
		Debug|Any CPU = Debug|Any CPU
		Release|Any CPU = Release|Any CPU
	EndGlobalSection
	GlobalSection(ProjectConfigurationPlatforms) = postSolution
		{BF1423CE-84E9-4114-B7B8-B6369F95201C}.Debug|Any CPU.ActiveCfg = Debug|Any CPU
		{BF1423CE-84E9-4114-B7B8-B6369F95201C}.Debug|Any CPU.Build.0 = Debug|Any CPU
		{BF1423CE-84E9-4114-B7B8-B6369F95201C}.Release|Any CPU.ActiveCfg = Release|Any CPU
		{BF1423CE-84E9-4114-B7B8-B6369F95201C}.Release|Any CPU.Build.0 = Release|Any CPU
	EndGlobalSection
	GlobalSection(SolutionProperties) = preSolution
		HideSolutionNode = FALSE
	EndGlobalSection
	GlobalSection(ExtensibilityGlobals) = postSolution
		SolutionGuid = {6AFA292F-B767-45B8-8562-D0762A86D0BE}
	EndGlobalSection
EndGlobal
